// !$*UTF8*$!
{
	archiveVersion = 1;
	classes = {
	};
	objectVersion = 45;
	objects = {

/* Begin PBXBuildFile section */
		7C11F05613B9BFED0045C301 /* nodealign.cpp in Sources */ = {isa = PBXBuildFile; fileRef = 7C11F05513B9BFED0045C301 /* nodealign.cpp */; };
		7C1EB71E14CF8F4700D7ADB5 /* getSeeds.cpp in Sources */ = {isa = PBXBuildFile; fileRef = 7C1EB71D14CF8F4700D7ADB5 /* getSeeds.cpp */; };
		7C2AD0A415C923D500B09FB7 /* jsoncpp.cpp in Sources */ = {isa = PBXBuildFile; fileRef = 7C2AD0A315C923D500B09FB7 /* jsoncpp.cpp */; };
		7C2AE6C414A2C1460057C74F /* matrices.cpp in Sources */ = {isa = PBXBuildFile; fileRef = 7C2AE6C314A2C1460057C74F /* matrices.cpp */; };
		7C2AE85414A85FC30057C74F /* gliamodels.cpp in Sources */ = {isa = PBXBuildFile; fileRef = 7C2AE85314A85FC30057C74F /* gliamodels.cpp */; };
		7C2AE85D14A861A40057C74F /* traceback.cpp in Sources */ = {isa = PBXBuildFile; fileRef = 7C2AE85C14A861A40057C74F /* traceback.cpp */; };
		7C2AE87014A864190057C74F /* fastq.cpp in Sources */ = {isa = PBXBuildFile; fileRef = 7C2AE86F14A864190057C74F /* fastq.cpp */; };
		7C2AE94914AA20940057C74F /* examples.cpp in Sources */ = {isa = PBXBuildFile; fileRef = 7C2AE94814AA20940057C74F /* examples.cpp */; };
		7C2AE97414AA61790057C74F /* gsw.cpp in Sources */ = {isa = PBXBuildFile; fileRef = 7C2AE97314AA61790057C74F /* gsw.cpp */; };
		7C40B79513B0122300882D23 /* dump.cpp in Sources */ = {isa = PBXBuildFile; fileRef = 7C40B79413B0122300882D23 /* dump.cpp */; };
		7C606E6E15C8E143004DAA42 /* jsreader.cpp in Sources */ = {isa = PBXBuildFile; fileRef = 7C606E6D15C8E143004DAA42 /* jsreader.cpp */; };
		7CD7E45D14B06FAB00149377 /* show.cpp in Sources */ = {isa = PBXBuildFile; fileRef = 7CD7E45C14B06FAB00149377 /* show.cpp */; };
		7CD7E55114B469CD00149377 /* ghash.cpp in Sources */ = {isa = PBXBuildFile; fileRef = 7CD7E55014B469CD00149377 /* ghash.cpp */; };
		8DD76F650486A84900D96B5E /* main.cpp in Sources */ = {isa = PBXBuildFile; fileRef = 08FB7796FE84155DC02AAC07 /* main.cpp */; settings = {ATTRIBUTES = (); }; };
		8DD76F6A0486A84900D96B5E /* glia.1 in CopyFiles */ = {isa = PBXBuildFile; fileRef = C6859E8B029090EE04C91782 /* glia.1 */; };
/* End PBXBuildFile section */

/* Begin PBXCopyFilesBuildPhase section */
		8DD76F690486A84900D96B5E /* CopyFiles */ = {
			isa = PBXCopyFilesBuildPhase;
			buildActionMask = 8;
			dstPath = /usr/share/man/man1/;
			dstSubfolderSpec = 0;
			files = (
				8DD76F6A0486A84900D96B5E /* glia.1 in CopyFiles */,
			);
			runOnlyForDeploymentPostprocessing = 1;
		};
/* End PBXCopyFilesBuildPhase section */

/* Begin PBXFileReference section */
		08FB7796FE84155DC02AAC07 /* main.cpp */ = {isa = PBXFileReference; fileEncoding = 4; lastKnownFileType = sourcecode.cpp.cpp; path = main.cpp; sourceTree = "<group>"; };
		7C11F05413B9BFED0045C301 /* nodealign.h */ = {isa = PBXFileReference; fileEncoding = 4; lastKnownFileType = sourcecode.c.h; path = nodealign.h; sourceTree = "<group>"; };
		7C11F05513B9BFED0045C301 /* nodealign.cpp */ = {isa = PBXFileReference; fileEncoding = 4; lastKnownFileType = sourcecode.cpp.cpp; path = nodealign.cpp; sourceTree = "<group>"; };
		7C1EB71C14CF8F4700D7ADB5 /* getSeeds.h */ = {isa = PBXFileReference; fileEncoding = 4; lastKnownFileType = sourcecode.c.h; path = getSeeds.h; sourceTree = "<group>"; };
		7C1EB71D14CF8F4700D7ADB5 /* getSeeds.cpp */ = {isa = PBXFileReference; fileEncoding = 4; lastKnownFileType = sourcecode.cpp.cpp; path = getSeeds.cpp; sourceTree = "<group>"; };
		7C2AD0A315C923D500B09FB7 /* jsoncpp.cpp */ = {isa = PBXFileReference; fileEncoding = 4; lastKnownFileType = sourcecode.cpp.cpp; path = jsoncpp.cpp; sourceTree = "<group>"; };
		7C2AE6C214A2C1460057C74F /* matrices.h */ = {isa = PBXFileReference; fileEncoding = 4; lastKnownFileType = sourcecode.c.h; path = matrices.h; sourceTree = "<group>"; };
		7C2AE6C314A2C1460057C74F /* matrices.cpp */ = {isa = PBXFileReference; fileEncoding = 4; lastKnownFileType = sourcecode.cpp.cpp; path = matrices.cpp; sourceTree = "<group>"; };
		7C2AE85214A85FC30057C74F /* gliamodels.h */ = {isa = PBXFileReference; fileEncoding = 4; lastKnownFileType = sourcecode.c.h; path = gliamodels.h; sourceTree = "<group>"; };
		7C2AE85314A85FC30057C74F /* gliamodels.cpp */ = {isa = PBXFileReference; fileEncoding = 4; lastKnownFileType = sourcecode.cpp.cpp; path = gliamodels.cpp; sourceTree = "<group>"; };
		7C2AE85B14A861A40057C74F /* traceback.h */ = {isa = PBXFileReference; fileEncoding = 4; lastKnownFileType = sourcecode.c.h; path = traceback.h; sourceTree = "<group>"; };
		7C2AE85C14A861A40057C74F /* traceback.cpp */ = {isa = PBXFileReference; fileEncoding = 4; lastKnownFileType = sourcecode.cpp.cpp; path = traceback.cpp; sourceTree = "<group>"; };
		7C2AE86E14A864190057C74F /* fastq.h */ = {isa = PBXFileReference; fileEncoding = 4; lastKnownFileType = sourcecode.c.h; path = fastq.h; sourceTree = "<group>"; };
		7C2AE86F14A864190057C74F /* fastq.cpp */ = {isa = PBXFileReference; fileEncoding = 4; lastKnownFileType = sourcecode.cpp.cpp; path = fastq.cpp; sourceTree = "<group>"; };
		7C2AE94714AA20940057C74F /* examples.h */ = {isa = PBXFileReference; fileEncoding = 4; lastKnownFileType = sourcecode.c.h; path = examples.h; sourceTree = "<group>"; };
		7C2AE94814AA20940057C74F /* examples.cpp */ = {isa = PBXFileReference; fileEncoding = 4; lastKnownFileType = sourcecode.cpp.cpp; path = examples.cpp; sourceTree = "<group>"; };
		7C2AE97214AA61790057C74F /* gsw.h */ = {isa = PBXFileReference; fileEncoding = 4; lastKnownFileType = sourcecode.c.h; path = gsw.h; sourceTree = "<group>"; };
		7C2AE97314AA61790057C74F /* gsw.cpp */ = {isa = PBXFileReference; fileEncoding = 4; lastKnownFileType = sourcecode.cpp.cpp; path = gsw.cpp; sourceTree = "<group>"; };
		7C40B79313B0122300882D23 /* dump.h */ = {isa = PBXFileReference; fileEncoding = 4; lastKnownFileType = sourcecode.c.h; path = dump.h; sourceTree = "<group>"; };
		7C40B79413B0122300882D23 /* dump.cpp */ = {isa = PBXFileReference; fileEncoding = 4; lastKnownFileType = sourcecode.cpp.cpp; path = dump.cpp; sourceTree = "<group>"; };
		7C606E6C15C8E143004DAA42 /* jsreader.h */ = {isa = PBXFileReference; fileEncoding = 4; lastKnownFileType = sourcecode.c.h; path = jsreader.h; sourceTree = "<group>"; };
		7C606E6D15C8E143004DAA42 /* jsreader.cpp */ = {isa = PBXFileReference; fileEncoding = 4; lastKnownFileType = sourcecode.cpp.cpp; path = jsreader.cpp; sourceTree = "<group>"; };
		7CD7E45B14B06FAB00149377 /* show.h */ = {isa = PBXFileReference; fileEncoding = 4; lastKnownFileType = sourcecode.c.h; path = show.h; sourceTree = "<group>"; };
		7CD7E45C14B06FAB00149377 /* show.cpp */ = {isa = PBXFileReference; fileEncoding = 4; lastKnownFileType = sourcecode.cpp.cpp; path = show.cpp; sourceTree = "<group>"; };
		7CD7E54F14B469CD00149377 /* ghash.h */ = {isa = PBXFileReference; fileEncoding = 4; lastKnownFileType = sourcecode.c.h; path = ghash.h; sourceTree = "<group>"; };
		7CD7E55014B469CD00149377 /* ghash.cpp */ = {isa = PBXFileReference; fileEncoding = 4; lastKnownFileType = sourcecode.cpp.cpp; path = ghash.cpp; sourceTree = "<group>"; };
		8DD76F6C0486A84900D96B5E /* glia */ = {isa = PBXFileReference; explicitFileType = "compiled.mach-o.executable"; includeInIndex = 0; path = glia; sourceTree = BUILT_PRODUCTS_DIR; };
		C6859E8B029090EE04C91782 /* glia.1 */ = {isa = PBXFileReference; lastKnownFileType = text.man; path = glia.1; sourceTree = "<group>"; };
/* End PBXFileReference section */

/* Begin PBXFrameworksBuildPhase section */
		8DD76F660486A84900D96B5E /* Frameworks */ = {
			isa = PBXFrameworksBuildPhase;
			buildActionMask = 2147483647;
			files = (
			);
			runOnlyForDeploymentPostprocessing = 0;
		};
/* End PBXFrameworksBuildPhase section */

/* Begin PBXGroup section */
		08FB7794FE84155DC02AAC07 /* glia */ = {
			isa = PBXGroup;
			children = (
				08FB7795FE84155DC02AAC07 /* Source */,
				C6859E8C029090F304C91782 /* Documentation */,
				1AB674ADFE9D54B511CA2CBB /* Products */,
			);
			name = glia;
			sourceTree = "<group>";
		};
		08FB7795FE84155DC02AAC07 /* Source */ = {
			isa = PBXGroup;
			children = (
				7C606E6C15C8E143004DAA42 /* jsreader.h */,
				7C2AE94714AA20940057C74F /* examples.h */,
				7C2AE86E14A864190057C74F /* fastq.h */,
				7C1EB71C14CF8F4700D7ADB5 /* getSeeds.h */,
				7CD7E54F14B469CD00149377 /* ghash.h */,
				7C2AE85214A85FC30057C74F /* gliamodels.h */,
				7C2AE97214AA61790057C74F /* gsw.h */,
				7C11F05413B9BFED0045C301 /* nodealign.h */,
				7CD7E45B14B06FAB00149377 /* show.h */,
				7C2AE85B14A861A40057C74F /* traceback.h */,
				7C2AE91214A978770057C74F /* scrap */,
				7C606E6D15C8E143004DAA42 /* jsreader.cpp */,
				7C2AD0A315C923D500B09FB7 /* jsoncpp.cpp */,
				7C2AE94814AA20940057C74F /* examples.cpp */,
				7C2AE86F14A864190057C74F /* fastq.cpp */,
				7CD7E55014B469CD00149377 /* ghash.cpp */,
				7C1EB71D14CF8F4700D7ADB5 /* getSeeds.cpp */,
				7C2AE85314A85FC30057C74F /* gliamodels.cpp */,
				7C2AE97314AA61790057C74F /* gsw.cpp */,
				08FB7796FE84155DC02AAC07 /* main.cpp */,
				7C11F05513B9BFED0045C301 /* nodealign.cpp */,
				7CD7E45C14B06FAB00149377 /* show.cpp */,
				7C2AE85C14A861A40057C74F /* traceback.cpp */,
			);
			name = Source;
			sourceTree = "<group>";
		};
		1AB674ADFE9D54B511CA2CBB /* Products */ = {
			isa = PBXGroup;
			children = (
				8DD76F6C0486A84900D96B5E /* glia */,
			);
			name = Products;
			sourceTree = "<group>";
		};
		7C2AE91214A978770057C74F /* scrap */ = {
			isa = PBXGroup;
			children = (
				7C2AE6C214A2C1460057C74F /* matrices.h */,
				7C2AE6C314A2C1460057C74F /* matrices.cpp */,
				7C40B79313B0122300882D23 /* dump.h */,
				7C40B79413B0122300882D23 /* dump.cpp */,
			);
			name = scrap;
			sourceTree = "<group>";
		};
		C6859E8C029090F304C91782 /* Documentation */ = {
			isa = PBXGroup;
			children = (
				C6859E8B029090EE04C91782 /* glia.1 */,
			);
			name = Documentation;
			sourceTree = "<group>";
		};
/* End PBXGroup section */

/* Begin PBXNativeTarget section */
		8DD76F620486A84900D96B5E /* glia */ = {
			isa = PBXNativeTarget;
			buildConfigurationList = 1DEB923108733DC60010E9CD /* Build configuration list for PBXNativeTarget "glia" */;
			buildPhases = (
				8DD76F640486A84900D96B5E /* Sources */,
				8DD76F660486A84900D96B5E /* Frameworks */,
				8DD76F690486A84900D96B5E /* CopyFiles */,
			);
			buildRules = (
			);
			dependencies = (
			);
			name = glia;
			productInstallPath = "$(HOME)/bin";
			productName = glia;
			productReference = 8DD76F6C0486A84900D96B5E /* glia */;
			productType = "com.apple.product-type.tool";
		};
/* End PBXNativeTarget section */

/* Begin PBXProject section */
		08FB7793FE84155DC02AAC07 /* Project object */ = {
			isa = PBXProject;
			buildConfigurationList = 1DEB923508733DC60010E9CD /* Build configuration list for PBXProject "glia" */;
			compatibilityVersion = "Xcode 3.1";
			developmentRegion = English;
			hasScannedForEncodings = 1;
			knownRegions = (
				English,
				Japanese,
				French,
				German,
			);
			mainGroup = 08FB7794FE84155DC02AAC07 /* glia */;
			projectDirPath = "";
			projectRoot = "";
			targets = (
				8DD76F620486A84900D96B5E /* glia */,
			);
		};
/* End PBXProject section */

/* Begin PBXSourcesBuildPhase section */
		8DD76F640486A84900D96B5E /* Sources */ = {
			isa = PBXSourcesBuildPhase;
			buildActionMask = 2147483647;
			files = (
				8DD76F650486A84900D96B5E /* main.cpp in Sources */,
				7C40B79513B0122300882D23 /* dump.cpp in Sources */,
				7C11F05613B9BFED0045C301 /* nodealign.cpp in Sources */,
				7C2AE6C414A2C1460057C74F /* matrices.cpp in Sources */,
				7C2AE85414A85FC30057C74F /* gliamodels.cpp in Sources */,
				7C2AE85D14A861A40057C74F /* traceback.cpp in Sources */,
				7C2AE87014A864190057C74F /* fastq.cpp in Sources */,
				7C2AE94914AA20940057C74F /* examples.cpp in Sources */,
				7C2AE97414AA61790057C74F /* gsw.cpp in Sources */,
				7CD7E45D14B06FAB00149377 /* show.cpp in Sources */,
				7CD7E55114B469CD00149377 /* ghash.cpp in Sources */,
				7C1EB71E14CF8F4700D7ADB5 /* getSeeds.cpp in Sources */,
				7C606E6E15C8E143004DAA42 /* jsreader.cpp in Sources */,
				7C2AD0A415C923D500B09FB7 /* jsoncpp.cpp in Sources */,
			);
			runOnlyForDeploymentPostprocessing = 0;
		};
/* End PBXSourcesBuildPhase section */

/* Begin XCBuildConfiguration section */
		1DEB923208733DC60010E9CD /* Debug */ = {
			isa = XCBuildConfiguration;
			buildSettings = {
				ALWAYS_SEARCH_USER_PATHS = NO;
				COPY_PHASE_STRIP = NO;
				GCC_DYNAMIC_NO_PIC = NO;
				GCC_ENABLE_FIX_AND_CONTINUE = YES;
				GCC_MODEL_TUNING = G5;
				GCC_OPTIMIZATION_LEVEL = 0;
				INSTALL_PATH = /usr/local/bin;
				LIBRARY_SEARCH_PATHS = "/usr/local/include/**";
				OTHER_LDFLAGS = "";
				PRODUCT_NAME = glia;
			};
			name = Debug;
		};
		1DEB923308733DC60010E9CD /* Release */ = {
			isa = XCBuildConfiguration;
			buildSettings = {
				ALWAYS_SEARCH_USER_PATHS = NO;
				DEBUG_INFORMATION_FORMAT = "dwarf-with-dsym";
				GCC_MODEL_TUNING = G5;
				INSTALL_PATH = /usr/local/bin;
				LIBRARY_SEARCH_PATHS = (
					"$(inherited)",
					"\"$(SRCROOT)/../../Downloads/jsoncpp-src-0.6.0-rc2/libs/linux-gcc-4.2.1\"",
					"\"$(SRCROOT)/../../Downloads/jsoncpp-src-0.6.0-rc2/buildscons/linux-gcc-4.2.1/src/lib_json\"",
				);
				PRODUCT_NAME = glia;
			};
			name = Release;
		};
		1DEB923608733DC60010E9CD /* Debug */ = {
			isa = XCBuildConfiguration;
			buildSettings = {
				ARCHS = "$(ARCHS_STANDARD_32_64_BIT)";
				GCC_C_LANGUAGE_STANDARD = gnu99;
				GCC_OPTIMIZATION_LEVEL = 0;
				GCC_WARN_ABOUT_RETURN_TYPE = YES;
				GCC_WARN_UNUSED_VARIABLE = YES;
				HEADER_SEARCH_PATHS = "/usr/local/include/**";
				LIBRARY_SEARCH_PATHS = "/usr/local/include/**";
				ONLY_ACTIVE_ARCH = YES;
				PREBINDING = NO;
				SDKROOT = macosx10.6;
			};
			name = Debug;
		};
		1DEB923708733DC60010E9CD /* Release */ = {
			isa = XCBuildConfiguration;
			buildSettings = {
				ARCHS = "$(ARCHS_STANDARD_32_64_BIT)";
				GCC_C_LANGUAGE_STANDARD = gnu99;
				GCC_WARN_ABOUT_RETURN_TYPE = YES;
				GCC_WARN_UNUSED_VARIABLE = YES;
				PREBINDING = NO;
				SDKROOT = macosx10.6;
			};
			name = Release;
		};
/* End XCBuildConfiguration section */

/* Begin XCConfigurationList section */
		1DEB923108733DC60010E9CD /* Build configuration list for PBXNativeTarget "glia" */ = {
			isa = XCConfigurationList;
			buildConfigurations = (
				1DEB923208733DC60010E9CD /* Debug */,
				1DEB923308733DC60010E9CD /* Release */,
			);
			defaultConfigurationIsVisible = 0;
			defaultConfigurationName = Release;
		};
		1DEB923508733DC60010E9CD /* Build configuration list for PBXProject "glia" */ = {
			isa = XCConfigurationList;
			buildConfigurations = (
				1DEB923608733DC60010E9CD /* Debug */,
				1DEB923708733DC60010E9CD /* Release */,
			);
			defaultConfigurationIsVisible = 0;
			defaultConfigurationName = Release;
		};
/* End XCConfigurationList section */
	};
	rootObject = 08FB7793FE84155DC02AAC07 /* Project object */;
}
